
Microsoft Visual Studio Solution File, Format Version 12.00
# Visual Studio Version 17
VisualStudioVersion = 17.0.31903.59
MinimumVisualStudioVersion = 10.0.40219.1
Project("{FAE04EC0-301F-11D3-BF4B-00C04F79EFBC}") = "PrimeService", "PrimeService\PrimeService.csproj", "{10501393-ACCE-4DEA-A26C-5C7EF3E62EDE}"
EndProject
Project("{FAE04EC0-301F-11D3-BF4B-00C04F79EFBC}") = "PrimeService.Tests", "PrimeService.Tests\PrimeService.Tests.csproj", "{5AA102E8-FA19-4175-A3BD-A9B9763BD994}"
EndProject
Global
	GlobalSection(SolutionConfigurationPlatforms) = preSolution
		Debug|Any CPU = Debug|Any CPU
		Debug|x64 = Debug|x64
		Debug|x86 = Debug|x86
		Release|Any CPU = Release|Any CPU
		Release|x64 = Release|x64
		Release|x86 = Release|x86
	EndGlobalSection
	GlobalSection(ProjectConfigurationPlatforms) = postSolution
		{10501393-ACCE-4DEA-A26C-5C7EF3E62EDE}.Debug|Any CPU.ActiveCfg = Debug|Any CPU
		{10501393-ACCE-4DEA-A26C-5C7EF3E62EDE}.Debug|Any CPU.Build.0 = Debug|Any CPU
		{10501393-ACCE-4DEA-A26C-5C7EF3E62EDE}.Debug|x64.ActiveCfg = Debug|Any CPU
		{10501393-ACCE-4DEA-A26C-5C7EF3E62EDE}.Debug|x64.Build.0 = Debug|Any CPU
		{10501393-ACCE-4DEA-A26C-5C7EF3E62EDE}.Debug|x86.ActiveCfg = Debug|Any CPU
		{10501393-ACCE-4DEA-A26C-5C7EF3E62EDE}.Debug|x86.Build.0 = Debug|Any CPU
		{10501393-ACCE-4DEA-A26C-5C7EF3E62EDE}.Release|Any CPU.ActiveCfg = Release|Any CPU
		{10501393-ACCE-4DEA-A26C-5C7EF3E62EDE}.Release|Any CPU.Build.0 = Release|Any CPU
		{10501393-ACCE-4DEA-A26C-5C7EF3E62EDE}.Release|x64.ActiveCfg = Release|Any CPU
		{10501393-ACCE-4DEA-A26C-5C7EF3E62EDE}.Release|x64.Build.0 = Release|Any CPU
		{10501393-ACCE-4DEA-A26C-5C7EF3E62EDE}.Release|x86.ActiveCfg = Release|Any CPU
		{10501393-ACCE-4DEA-A26C-5C7EF3E62EDE}.Release|x86.Build.0 = Release|Any CPU
		{5AA102E8-FA19-4175-A3BD-A9B9763BD994}.Debug|Any CPU.ActiveCfg = Debug|Any CPU
		{5AA102E8-FA19-4175-A3BD-A9B9763BD994}.Debug|Any CPU.Build.0 = Debug|Any CPU
		{5AA102E8-FA19-4175-A3BD-A9B9763BD994}.Debug|x64.ActiveCfg = Debug|Any CPU
		{5AA102E8-FA19-4175-A3BD-A9B9763BD994}.Debug|x64.Build.0 = Debug|Any CPU
		{5AA102E8-FA19-4175-A3BD-A9B9763BD994}.Debug|x86.ActiveCfg = Debug|Any CPU
		{5AA102E8-FA19-4175-A3BD-A9B9763BD994}.Debug|x86.Build.0 = Debug|Any CPU
		{5AA102E8-FA19-4175-A3BD-A9B9763BD994}.Release|Any CPU.ActiveCfg = Release|Any CPU
		{5AA102E8-FA19-4175-A3BD-A9B9763BD994}.Release|Any CPU.Build.0 = Release|Any CPU
		{5AA102E8-FA19-4175-A3BD-A9B9763BD994}.Release|x64.ActiveCfg = Release|Any CPU
		{5AA102E8-FA19-4175-A3BD-A9B9763BD994}.Release|x64.Build.0 = Release|Any CPU
		{5AA102E8-FA19-4175-A3BD-A9B9763BD994}.Release|x86.ActiveCfg = Release|Any CPU
		{5AA102E8-FA19-4175-A3BD-A9B9763BD994}.Release|x86.Build.0 = Release|Any CPU
	EndGlobalSection
	GlobalSection(SolutionProperties) = preSolution
		HideSolutionNode = FALSE
	EndGlobalSection
EndGlobal
